
Microsoft Visual Studio Solution File, Format Version 12.00
# Visual Studio Version 16
VisualStudioVersion = 16.0.31424.327
MinimumVisualStudioVersion = 10.0.40219.1
Project("{9A19103F-16F7-4668-BE54-9A1E7A4F7556}") = "FastSet.Benchmarks", "FastSet.Benchmark\FastSet.Benchmarks.csproj", "{14B6C5AF-46F3-44AA-8919-AF5B4164B331}"
EndProject
Project("{9A19103F-16F7-4668-BE54-9A1E7A4F7556}") = "FastSet", "FastSet\FastSet.csproj", "{7D43B39F-EDBF-4214-A658-AC4880926B20}"
EndProject
Project("{FAE04EC0-301F-11D3-BF4B-00C04F79EFBC}") = "FastSet.Tests", "FastSet.Tests\FastSet.Tests.csproj", "{C52800C8-4014-4BB8-A83C-D11CB569C34A}"
EndProject
Global
	GlobalSection(SolutionConfigurationPlatforms) = preSolution
		Debug|Any CPU = Debug|Any CPU
		Release|Any CPU = Release|Any CPU
	EndGlobalSection
	GlobalSection(ProjectConfigurationPlatforms) = postSolution
		{14B6C5AF-46F3-44AA-8919-AF5B4164B331}.Debug|Any CPU.ActiveCfg = Debug|Any CPU
		{14B6C5AF-46F3-44AA-8919-AF5B4164B331}.Debug|Any CPU.Build.0 = Debug|Any CPU
		{14B6C5AF-46F3-44AA-8919-AF5B4164B331}.Release|Any CPU.ActiveCfg = Release|Any CPU
		{14B6C5AF-46F3-44AA-8919-AF5B4164B331}.Release|Any CPU.Build.0 = Release|Any CPU
		{7D43B39F-EDBF-4214-A658-AC4880926B20}.Debug|Any CPU.ActiveCfg = Debug|Any CPU
		{7D43B39F-EDBF-4214-A658-AC4880926B20}.Debug|Any CPU.Build.0 = Debug|Any CPU
		{7D43B39F-EDBF-4214-A658-AC4880926B20}.Release|Any CPU.ActiveCfg = Release|Any CPU
		{7D43B39F-EDBF-4214-A658-AC4880926B20}.Release|Any CPU.Build.0 = Release|Any CPU
		{C52800C8-4014-4BB8-A83C-D11CB569C34A}.Debug|Any CPU.ActiveCfg = Debug|Any CPU
		{C52800C8-4014-4BB8-A83C-D11CB569C34A}.Debug|Any CPU.Build.0 = Debug|Any CPU
		{C52800C8-4014-4BB8-A83C-D11CB569C34A}.Release|Any CPU.ActiveCfg = Release|Any CPU
		{C52800C8-4014-4BB8-A83C-D11CB569C34A}.Release|Any CPU.Build.0 = Release|Any CPU
	EndGlobalSection
	GlobalSection(SolutionProperties) = preSolution
		HideSolutionNode = FALSE
	EndGlobalSection
	GlobalSection(ExtensibilityGlobals) = postSolution
		SolutionGuid = {FDD8437C-1412-486A-9A77-B39275AAB5FC}
	EndGlobalSection
EndGlobal
